# THIS IS AN AUTOGENERATED FILE. DO NOT EDIT THIS FILE DIRECTLY.
# yarn lockfile v1


kronin@^2.0.0-rc5:
  version "2.0.0-rc5"
  resolved "https://registry.yarnpkg.com/kronin/-/kronin-2.0.0-rc5.tgz#41244332527f67bc9d485a861b45ebb5d8519945"
  integrity sha512-aSsFpZ5MJ3z1Tx/UUcuJBKeuyZbpCEDFOb65oosE53h3to+YQkwvQG6RaRR9A52Z0dl3f1Ytt2cVLRXIaFmB/g==
